
Microsoft Visual Studio Solution File, Format Version 12.00
# Visual Studio Version 16
VisualStudioVersion = 16.0.31729.503
MinimumVisualStudioVersion = 10.0.40219.1
Project("{2150E333-8FDC-42A3-9474-1A3956D46DE8}") = "Creational", "Creational", "{24633BB4-9488-4571-8827-4AA4FBF70BA4}"
EndProject
Project("{2150E333-8FDC-42A3-9474-1A3956D46DE8}") = "Builder", "Builder", "{7E5D061F-D750-47FA-BE23-B5151F963516}"
EndProject
Project("{9A19103F-16F7-4668-BE54-9A1E7A4F7556}") = "SimpleBuilder", "Creational\Builder\SimpleBuilder\SimpleBuilder.csproj", "{AB627040-0D06-4FB2-9165-A5B4354A4FD9}"
EndProject
Project("{9A19103F-16F7-4668-BE54-9A1E7A4F7556}") = "BuilderInheritance", "Creational\Builder\BuilderInheritance\BuilderInheritance.csproj", "{FAD029EE-BF9A-4971-8FB7-F4641FB5D7E8}"
EndProject
Project("{9A19103F-16F7-4668-BE54-9A1E7A4F7556}") = "Functional Builder", "Creational\Builder\Functional Builder\Functional Builder.csproj", "{792A7D18-A64B-412D-923C-C6651B303DA0}"
EndProject
Project("{9A19103F-16F7-4668-BE54-9A1E7A4F7556}") = "StepwiseBuilder", "Creational\Builder\StepwiseBuilder\StepwiseBuilder.csproj", "{68650F6D-3657-4FFE-A4CB-2667B9D11566}"
EndProject
Project("{9A19103F-16F7-4668-BE54-9A1E7A4F7556}") = "BuilderFacets", "Creational\Builder\BuilderFacets\BuilderFacets.csproj", "{9C7E76CE-BBC0-46B2-AA63-6C8152AE3ADD}"
EndProject
Project("{9A19103F-16F7-4668-BE54-9A1E7A4F7556}") = "Exercise", "Creational\Builder\Exercise\Exercise.csproj", "{3D854929-CB40-4292-9575-5E3FD4326306}"
EndProject
Project("{2150E333-8FDC-42A3-9474-1A3956D46DE8}") = "Factory", "Factory", "{22961D0D-57D1-49F7-8FF9-FA0E0BCCD56E}"
EndProject
Project("{9A19103F-16F7-4668-BE54-9A1E7A4F7556}") = "FactoryMethod", "Creational\Factory\FactoryMethod\FactoryMethod.csproj", "{203855D0-14D4-45E8-B3DB-346AD2EC4A2E}"
EndProject
Project("{9A19103F-16F7-4668-BE54-9A1E7A4F7556}") = "Factory", "Creational\Factory\Factory\Factory.csproj", "{DB30D4A7-D5B5-4825-B5FB-FD20BCB268D8}"
EndProject
Project("{9A19103F-16F7-4668-BE54-9A1E7A4F7556}") = "InnerFactory", "Creational\Factory\InnerFactory\InnerFactory.csproj", "{00D99960-32E4-460A-93F0-BC1B9A7E0CAC}"
EndProject
Project("{9A19103F-16F7-4668-BE54-9A1E7A4F7556}") = "FactoryBulkReplacement", "Creational\Factory\FactoryBulkReplacement\FactoryBulkReplacement.csproj", "{B235193E-20B4-4EE2-9294-8238474FFAEE}"
EndProject
Project("{9A19103F-16F7-4668-BE54-9A1E7A4F7556}") = "AbstractFactory", "Creational\Factory\AbstactFactory\AbstractFactory.csproj", "{AA08CE11-48D4-4162-9F16-6EFF3904233E}"
EndProject
Project("{9A19103F-16F7-4668-BE54-9A1E7A4F7556}") = "Example", "Creational\Factory\Example\Example.csproj", "{8B5A308C-2D9F-4D28-B4AE-D8ADBA0093ED}"
EndProject
Project("{2150E333-8FDC-42A3-9474-1A3956D46DE8}") = "Prototype", "Prototype", "{3B92DB1E-7968-428B-8E64-6418124BEC5A}"
EndProject
Project("{FAE04EC0-301F-11D3-BF4B-00C04F79EFBC}") = "CopyConstructors", "Creational\Prototype\CopyConstructors\CopyConstructors.csproj", "{AE90024B-0338-432F-9BFC-287B14CFEFD6}"
EndProject
Project("{FAE04EC0-301F-11D3-BF4B-00C04F79EFBC}") = "Cloneable", "Creational\Prototype\Cloneable\Cloneable.csproj", "{2515120A-0C43-4182-BEFD-38806BEDB8A4}"
EndProject
Global
	GlobalSection(SolutionConfigurationPlatforms) = preSolution
		Debug|Any CPU = Debug|Any CPU
		Release|Any CPU = Release|Any CPU
	EndGlobalSection
	GlobalSection(ProjectConfigurationPlatforms) = postSolution
		{AB627040-0D06-4FB2-9165-A5B4354A4FD9}.Debug|Any CPU.ActiveCfg = Debug|Any CPU
		{AB627040-0D06-4FB2-9165-A5B4354A4FD9}.Debug|Any CPU.Build.0 = Debug|Any CPU
		{AB627040-0D06-4FB2-9165-A5B4354A4FD9}.Release|Any CPU.ActiveCfg = Release|Any CPU
		{AB627040-0D06-4FB2-9165-A5B4354A4FD9}.Release|Any CPU.Build.0 = Release|Any CPU
		{FAD029EE-BF9A-4971-8FB7-F4641FB5D7E8}.Debug|Any CPU.ActiveCfg = Debug|Any CPU
		{FAD029EE-BF9A-4971-8FB7-F4641FB5D7E8}.Debug|Any CPU.Build.0 = Debug|Any CPU
		{FAD029EE-BF9A-4971-8FB7-F4641FB5D7E8}.Release|Any CPU.ActiveCfg = Release|Any CPU
		{FAD029EE-BF9A-4971-8FB7-F4641FB5D7E8}.Release|Any CPU.Build.0 = Release|Any CPU
		{792A7D18-A64B-412D-923C-C6651B303DA0}.Debug|Any CPU.ActiveCfg = Debug|Any CPU
		{792A7D18-A64B-412D-923C-C6651B303DA0}.Debug|Any CPU.Build.0 = Debug|Any CPU
		{792A7D18-A64B-412D-923C-C6651B303DA0}.Release|Any CPU.ActiveCfg = Release|Any CPU
		{792A7D18-A64B-412D-923C-C6651B303DA0}.Release|Any CPU.Build.0 = Release|Any CPU
		{68650F6D-3657-4FFE-A4CB-2667B9D11566}.Debug|Any CPU.ActiveCfg = Debug|Any CPU
		{68650F6D-3657-4FFE-A4CB-2667B9D11566}.Debug|Any CPU.Build.0 = Debug|Any CPU
		{68650F6D-3657-4FFE-A4CB-2667B9D11566}.Release|Any CPU.ActiveCfg = Release|Any CPU
		{68650F6D-3657-4FFE-A4CB-2667B9D11566}.Release|Any CPU.Build.0 = Release|Any CPU
		{9C7E76CE-BBC0-46B2-AA63-6C8152AE3ADD}.Debug|Any CPU.ActiveCfg = Debug|Any CPU
		{9C7E76CE-BBC0-46B2-AA63-6C8152AE3ADD}.Debug|Any CPU.Build.0 = Debug|Any CPU
		{9C7E76CE-BBC0-46B2-AA63-6C8152AE3ADD}.Release|Any CPU.ActiveCfg = Release|Any CPU
		{9C7E76CE-BBC0-46B2-AA63-6C8152AE3ADD}.Release|Any CPU.Build.0 = Release|Any CPU
		{3D854929-CB40-4292-9575-5E3FD4326306}.Debug|Any CPU.ActiveCfg = Debug|Any CPU
		{3D854929-CB40-4292-9575-5E3FD4326306}.Debug|Any CPU.Build.0 = Debug|Any CPU
		{3D854929-CB40-4292-9575-5E3FD4326306}.Release|Any CPU.ActiveCfg = Release|Any CPU
		{3D854929-CB40-4292-9575-5E3FD4326306}.Release|Any CPU.Build.0 = Release|Any CPU
		{203855D0-14D4-45E8-B3DB-346AD2EC4A2E}.Debug|Any CPU.ActiveCfg = Debug|Any CPU
		{203855D0-14D4-45E8-B3DB-346AD2EC4A2E}.Debug|Any CPU.Build.0 = Debug|Any CPU
		{203855D0-14D4-45E8-B3DB-346AD2EC4A2E}.Release|Any CPU.ActiveCfg = Release|Any CPU
		{203855D0-14D4-45E8-B3DB-346AD2EC4A2E}.Release|Any CPU.Build.0 = Release|Any CPU
		{DB30D4A7-D5B5-4825-B5FB-FD20BCB268D8}.Debug|Any CPU.ActiveCfg = Debug|Any CPU
		{DB30D4A7-D5B5-4825-B5FB-FD20BCB268D8}.Debug|Any CPU.Build.0 = Debug|Any CPU
		{DB30D4A7-D5B5-4825-B5FB-FD20BCB268D8}.Release|Any CPU.ActiveCfg = Release|Any CPU
		{DB30D4A7-D5B5-4825-B5FB-FD20BCB268D8}.Release|Any CPU.Build.0 = Release|Any CPU
		{00D99960-32E4-460A-93F0-BC1B9A7E0CAC}.Debug|Any CPU.ActiveCfg = Debug|Any CPU
		{00D99960-32E4-460A-93F0-BC1B9A7E0CAC}.Debug|Any CPU.Build.0 = Debug|Any CPU
		{00D99960-32E4-460A-93F0-BC1B9A7E0CAC}.Release|Any CPU.ActiveCfg = Release|Any CPU
		{00D99960-32E4-460A-93F0-BC1B9A7E0CAC}.Release|Any CPU.Build.0 = Release|Any CPU
		{B235193E-20B4-4EE2-9294-8238474FFAEE}.Debug|Any CPU.ActiveCfg = Debug|Any CPU
		{B235193E-20B4-4EE2-9294-8238474FFAEE}.Debug|Any CPU.Build.0 = Debug|Any CPU
		{B235193E-20B4-4EE2-9294-8238474FFAEE}.Release|Any CPU.ActiveCfg = Release|Any CPU
		{B235193E-20B4-4EE2-9294-8238474FFAEE}.Release|Any CPU.Build.0 = Release|Any CPU
		{AA08CE11-48D4-4162-9F16-6EFF3904233E}.Debug|Any CPU.ActiveCfg = Debug|Any CPU
		{AA08CE11-48D4-4162-9F16-6EFF3904233E}.Debug|Any CPU.Build.0 = Debug|Any CPU
		{AA08CE11-48D4-4162-9F16-6EFF3904233E}.Release|Any CPU.ActiveCfg = Release|Any CPU
		{AA08CE11-48D4-4162-9F16-6EFF3904233E}.Release|Any CPU.Build.0 = Release|Any CPU
		{8B5A308C-2D9F-4D28-B4AE-D8ADBA0093ED}.Debug|Any CPU.ActiveCfg = Debug|Any CPU
		{8B5A308C-2D9F-4D28-B4AE-D8ADBA0093ED}.Debug|Any CPU.Build.0 = Debug|Any CPU
		{8B5A308C-2D9F-4D28-B4AE-D8ADBA0093ED}.Release|Any CPU.ActiveCfg = Release|Any CPU
		{8B5A308C-2D9F-4D28-B4AE-D8ADBA0093ED}.Release|Any CPU.Build.0 = Release|Any CPU
		{AE90024B-0338-432F-9BFC-287B14CFEFD6}.Debug|Any CPU.ActiveCfg = Debug|Any CPU
		{AE90024B-0338-432F-9BFC-287B14CFEFD6}.Debug|Any CPU.Build.0 = Debug|Any CPU
		{AE90024B-0338-432F-9BFC-287B14CFEFD6}.Release|Any CPU.ActiveCfg = Release|Any CPU
		{AE90024B-0338-432F-9BFC-287B14CFEFD6}.Release|Any CPU.Build.0 = Release|Any CPU
		{2515120A-0C43-4182-BEFD-38806BEDB8A4}.Debug|Any CPU.ActiveCfg = Debug|Any CPU
		{2515120A-0C43-4182-BEFD-38806BEDB8A4}.Debug|Any CPU.Build.0 = Debug|Any CPU
		{2515120A-0C43-4182-BEFD-38806BEDB8A4}.Release|Any CPU.ActiveCfg = Release|Any CPU
		{2515120A-0C43-4182-BEFD-38806BEDB8A4}.Release|Any CPU.Build.0 = Release|Any CPU
	EndGlobalSection
	GlobalSection(SolutionProperties) = preSolution
		HideSolutionNode = FALSE
	EndGlobalSection
	GlobalSection(NestedProjects) = preSolution
		{7E5D061F-D750-47FA-BE23-B5151F963516} = {24633BB4-9488-4571-8827-4AA4FBF70BA4}
		{AB627040-0D06-4FB2-9165-A5B4354A4FD9} = {7E5D061F-D750-47FA-BE23-B5151F963516}
		{FAD029EE-BF9A-4971-8FB7-F4641FB5D7E8} = {7E5D061F-D750-47FA-BE23-B5151F963516}
		{792A7D18-A64B-412D-923C-C6651B303DA0} = {7E5D061F-D750-47FA-BE23-B5151F963516}
		{68650F6D-3657-4FFE-A4CB-2667B9D11566} = {7E5D061F-D750-47FA-BE23-B5151F963516}
		{9C7E76CE-BBC0-46B2-AA63-6C8152AE3ADD} = {7E5D061F-D750-47FA-BE23-B5151F963516}
		{3D854929-CB40-4292-9575-5E3FD4326306} = {7E5D061F-D750-47FA-BE23-B5151F963516}
		{22961D0D-57D1-49F7-8FF9-FA0E0BCCD56E} = {24633BB4-9488-4571-8827-4AA4FBF70BA4}
		{203855D0-14D4-45E8-B3DB-346AD2EC4A2E} = {22961D0D-57D1-49F7-8FF9-FA0E0BCCD56E}
		{DB30D4A7-D5B5-4825-B5FB-FD20BCB268D8} = {22961D0D-57D1-49F7-8FF9-FA0E0BCCD56E}
		{00D99960-32E4-460A-93F0-BC1B9A7E0CAC} = {22961D0D-57D1-49F7-8FF9-FA0E0BCCD56E}
		{B235193E-20B4-4EE2-9294-8238474FFAEE} = {22961D0D-57D1-49F7-8FF9-FA0E0BCCD56E}
		{AA08CE11-48D4-4162-9F16-6EFF3904233E} = {22961D0D-57D1-49F7-8FF9-FA0E0BCCD56E}
		{8B5A308C-2D9F-4D28-B4AE-D8ADBA0093ED} = {22961D0D-57D1-49F7-8FF9-FA0E0BCCD56E}
		{3B92DB1E-7968-428B-8E64-6418124BEC5A} = {24633BB4-9488-4571-8827-4AA4FBF70BA4}
		{AE90024B-0338-432F-9BFC-287B14CFEFD6} = {3B92DB1E-7968-428B-8E64-6418124BEC5A}
		{2515120A-0C43-4182-BEFD-38806BEDB8A4} = {3B92DB1E-7968-428B-8E64-6418124BEC5A}
	EndGlobalSection
	GlobalSection(ExtensibilityGlobals) = postSolution
		SolutionGuid = {F90B1655-AD0A-4F31-8279-2FAF35DF7C06}
	EndGlobalSection
EndGlobal
